{
    "_readme": [
        "This file locks the dependencies of your project to a known state",
        "Read more about it at https://getcomposer.org/doc/01-basic-usage.md#installing-dependencies",
        "This file is @generated automatically"
    ],
    "content-hash": "8748a0cef451648049eebdb3e42ac302",
    "packages": [
        {
            "name": "composer/installers",
            "version": "v1.12.0",
            "source": {
                "type": "git",
                "url": "https://github.com/composer/installers.git",
                "reference": "d20a64ed3c94748397ff5973488761b22f6d3f19"
            },
            "dist": {
                "type": "zip",
                "url": "https://api.github.com/repos/composer/installers/zipball/d20a64ed3c94748397ff5973488761b22f6d3f19",
                "reference": "d20a64ed3c94748397ff5973488761b22f6d3f19",
                "shasum": ""
            },
            "require": {
                "composer-plugin-api": "^1.0 || ^2.0"
            },
            "replace": {
                "roundcube/plugin-installer": "*",
                "shama/baton": "*"
            },
            "require-dev": {
                "composer/composer": "1.6.* || ^2.0",
                "composer/semver": "^1 || ^3",
                "phpstan/phpstan": "^0.12.55",
                "phpstan/phpstan-phpunit": "^0.12.16",
                "symfony/phpunit-bridge": "^4.2 || ^5",
                "symfony/process": "^2.3"
            },
            "type": "composer-plugin",
            "extra": {
                "class": "Composer\\Installers\\Plugin",
                "branch-alias": {
                    "dev-main": "1.x-dev"
                }
            },
            "autoload": {
                "psr-4": {
                    "Composer\\Installers\\": "src/Composer/Installers"
                }
            },
            "notification-url": "https://packagist.org/downloads/",
            "license": [
                "MIT"
            ],
            "authors": [
                {
                    "name": "Kyle Robinson Young",
                    "email": "kyle@dontkry.com",
                    "homepage": "https://github.com/shama"
                }
            ],
            "description": "A multi-framework Composer library installer",
            "homepage": "https://composer.github.io/installers/",
            "keywords": [
                "Craft",
                "Dolibarr",
                "Eliasis",
                "Hurad",
                "ImageCMS",
                "Kanboard",
                "Lan Management System",
                "MODX Evo",
                "MantisBT",
                "Mautic",
                "Maya",
                "OXID",
                "Plentymarkets",
                "Porto",
                "RadPHP",
                "SMF",
                "Starbug",
                "Thelia",
                "Whmcs",
                "WolfCMS",
                "agl",
                "aimeos",
                "annotatecms",
                "attogram",
                "bitrix",
                "cakephp",
                "chef",
                "cockpit",
                "codeigniter",
                "concrete5",
                "croogo",
                "dokuwiki",
                "drupal",
                "eZ Platform",
                "elgg",
                "expressionengine",
                "fuelphp",
                "grav",
                "installer",
                "itop",
                "joomla",
                "known",
                "kohana",
                "laravel",
                "lavalite",
                "lithium",
                "magento",
                "majima",
                "mako",
                "mediawiki",
                "miaoxing",
                "modulework",
                "modx",
                "moodle",
                "osclass",
                "pantheon",
                "phpbb",
                "piwik",
                "ppi",
                "processwire",
                "puppet",
                "pxcms",
                "reindex",
                "roundcube",
                "shopware",
                "silverstripe",
                "sydes",
                "sylius",
                "symfony",
                "tastyigniter",
                "typo3",
                "wordpress",
                "yawik",
                "zend",
                "zikula"
            ],
            "support": {
                "issues": "https://github.com/composer/installers/issues",
                "source": "https://github.com/composer/installers/tree/v1.12.0"
            },
            "funding": [
                {
                    "url": "https://packagist.com",
                    "type": "custom"
                },
                {
                    "url": "https://github.com/composer",
                    "type": "github"
                },
                {
                    "url": "https://tidelift.com/funding/github/packagist/composer/composer",
                    "type": "tidelift"
                }
            ],
            "time": "2021-09-13T08:19:44+00:00"
        },
        {
            "name": "jerome-rdlv/allow-svg",
            "version": "dev-master",
            "source": {
                "type": "git",
                "url": "https://github.com/jerome-rdlv/allow-svg.git",
                "reference": "fb7d312bfbd8e593b9845463a607351c99dec4a0"
            },
            "dist": {
                "type": "zip",
                "url": "https://api.github.com/repos/jerome-rdlv/allow-svg/zipball/fb7d312bfbd8e593b9845463a607351c99dec4a0",
                "reference": "fb7d312bfbd8e593b9845463a607351c99dec4a0",
                "shasum": ""
            },
            "require": {
                "ext-simplexml": "*",
                "php": ">=5.4"
            },
            "default-branch": true,
            "type": "wordpress-muplugin",
            "license": [
                "MIT"
            ],
            "authors": [
                {
                    "name": "Jérôme Mulsant",
                    "homepage": "https://rue-de-la-vieille.fr/"
                }
            ],
            "description": "Allow to upload svg files in media manager.",
            "homepage": "https://gitlab.rue-de-la-vieille.fr/jerome/allow-svg",
            "support": {
                "source": "https://github.com/jerome-rdlv/allow-svg/tree/master",
                "issues": "https://github.com/jerome-rdlv/allow-svg/issues"
            },
            "time": "2021-01-15T12:26:20+00:00"
        },
        {
            "name": "jerome-rdlv/cachebust-assets",
            "version": "0.1.7",
            "source": {
                "type": "git",
                "url": "https://github.com/jerome-rdlv/cachebust-assets.git",
                "reference": "d84c70c5b2be2a17fd6c29dca3de8572bc2aaba3"
            },
            "dist": {
                "type": "zip",
                "url": "https://api.github.com/repos/jerome-rdlv/cachebust-assets/zipball/d84c70c5b2be2a17fd6c29dca3de8572bc2aaba3",
                "reference": "d84c70c5b2be2a17fd6c29dca3de8572bc2aaba3",
                "shasum": ""
            },
            "require": {
                "php": ">=7.0"
            },
            "require-dev": {
                "mikey179/vfsstream": "^1.6",
                "phpunit/phpunit": "^8.0"
            },
            "type": "wordpress-muplugin",
            "autoload": {
                "psr-4": {
                    "Rdlv\\WordPress\\CacheBustAssets\\": "src/"
                }
            },
            "license": [
                "MIT"
            ],
            "authors": [
                {
                    "name": "Jérôme Mulsant",
                    "email": "jerome@rue-de-la-vieille.fr"
                }
            ],
            "description": "Add cache busting fragment to assets URL, in query string or path.",
            "support": {
                "source": "https://github.com/jerome-rdlv/cachebust-assets/tree/0.1.7",
                "issues": "https://github.com/jerome-rdlv/cachebust-assets/issues"
            },
            "time": "2020-12-01T20:31:42+00:00"
        },
        {
            "name": "jerome-rdlv/post-order",
            "version": "dev-master",
            "source": {
                "type": "git",
                "url": "https://github.com/jerome-rdlv/post-order.git",
                "reference": "95ae0de371b236d3eb2915ed1368731df99aafc7"
            },
            "dist": {
                "type": "zip",
                "url": "https://api.github.com/repos/jerome-rdlv/post-order/zipball/95ae0de371b236d3eb2915ed1368731df99aafc7",
                "reference": "95ae0de371b236d3eb2915ed1368731df99aafc7",
                "shasum": ""
            },
            "require": {
                "composer/installers": "~1.0"
            },
            "default-branch": true,
            "type": "wordpress-muplugin",
            "license": [
                "MIT"
            ],
            "authors": [
                {
                    "name": "Jérôme Mulsant",
                    "homepage": "https://rue-de-la-vieille.fr/"
                }
            ],
            "description": "WordPress plugin to allow to set posts and terms order by drag and drop",
            "homepage": "https://github.com/jerome-rdlv/post-order",
            "support": {
                "source": "https://github.com/jerome-rdlv/post-order/tree/master",
                "issues": "https://github.com/jerome-rdlv/post-order/issues"
            },
            "time": "2022-11-03T20:13:36+00:00"
        },
        {
            "name": "johnpbloch/wordpress",
            "version": "6.2.2",
            "source": {
                "type": "git",
                "url": "https://github.com/johnpbloch/wordpress.git",
                "reference": "236680349aff347c8bac55665245d3b347d162f0"
            },
            "dist": {
                "type": "zip",
                "url": "https://api.github.com/repos/johnpbloch/wordpress/zipball/236680349aff347c8bac55665245d3b347d162f0",
                "reference": "236680349aff347c8bac55665245d3b347d162f0",
                "shasum": ""
            },
            "require": {
                "johnpbloch/wordpress-core": "6.2.2",
                "johnpbloch/wordpress-core-installer": "^1.0 || ^2.0",
                "php": ">=5.6.20"
            },
            "type": "package",
            "notification-url": "https://packagist.org/downloads/",
            "license": [
                "GPL-2.0+"
            ],
            "authors": [
                {
                    "name": "WordPress Community",
                    "homepage": "https://wordpress.org/about/"
                }
            ],
            "description": "WordPress is open source software you can use to create a beautiful website, blog, or app.",
            "homepage": "https://wordpress.org/",
            "keywords": [
                "blog",
                "cms",
                "wordpress"
            ],
            "support": {
                "docs": "https://developer.wordpress.org/",
                "forum": "https://wordpress.org/support/",
                "irc": "irc://irc.freenode.net/wordpress",
                "issues": "https://core.trac.wordpress.org/",
                "source": "https://core.trac.wordpress.org/browser"
            },
            "time": "2023-05-20T04:40:46+00:00"
        },
        {
            "name": "johnpbloch/wordpress-core",
            "version": "6.2.2",
            "source": {
                "type": "git",
                "url": "https://github.com/johnpbloch/wordpress-core.git",
                "reference": "5ed6d4a0469ff42d7ec4a1f72558be8f897a6e18"
            },
            "dist": {
                "type": "zip",
                "url": "https://api.github.com/repos/johnpbloch/wordpress-core/zipball/5ed6d4a0469ff42d7ec4a1f72558be8f897a6e18",
                "reference": "5ed6d4a0469ff42d7ec4a1f72558be8f897a6e18",
                "shasum": ""
            },
            "require": {
                "ext-json": "*",
                "php": ">=5.6.20"
            },
            "provide": {
                "wordpress/core-implementation": "6.2.2"
            },
            "type": "wordpress-core",
            "notification-url": "https://packagist.org/downloads/",
            "license": [
                "GPL-2.0-or-later"
            ],
            "authors": [
                {
                    "name": "WordPress Community",
                    "homepage": "https://wordpress.org/about/"
                }
            ],
            "description": "WordPress is open source software you can use to create a beautiful website, blog, or app.",
            "homepage": "https://wordpress.org/",
            "keywords": [
                "blog",
                "cms",
                "wordpress"
            ],
            "support": {
                "forum": "https://wordpress.org/support/",
                "irc": "irc://irc.freenode.net/wordpress",
                "issues": "https://core.trac.wordpress.org/",
                "source": "https://core.trac.wordpress.org/browser",
                "wiki": "https://codex.wordpress.org/"
            },
            "time": "2023-05-20T04:40:42+00:00"
        },
        {
            "name": "johnpbloch/wordpress-core-installer",
            "version": "2.0.0",
            "source": {
                "type": "git",
                "url": "https://github.com/johnpbloch/wordpress-core-installer.git",
                "reference": "237faae9a60a4a2e1d45dce1a5836ffa616de63e"
            },
            "dist": {
                "type": "zip",
                "url": "https://api.github.com/repos/johnpbloch/wordpress-core-installer/zipball/237faae9a60a4a2e1d45dce1a5836ffa616de63e",
                "reference": "237faae9a60a4a2e1d45dce1a5836ffa616de63e",
                "shasum": ""
            },
            "require": {
                "composer-plugin-api": "^1.0 || ^2.0",
                "php": ">=5.6.0"
            },
            "conflict": {
                "composer/installers": "<1.0.6"
            },
            "require-dev": {
                "composer/composer": "^1.0 || ^2.0",
                "phpunit/phpunit": ">=5.7.27"
            },
            "type": "composer-plugin",
            "extra": {
                "class": "johnpbloch\\Composer\\WordPressCorePlugin"
            },
            "autoload": {
                "psr-0": {
                    "johnpbloch\\Composer\\": "src/"
                }
            },
            "notification-url": "https://packagist.org/downloads/",
            "license": [
                "GPL-2.0-or-later"
            ],
            "authors": [
                {
                    "name": "John P. Bloch",
                    "email": "me@johnpbloch.com"
                }
            ],
            "description": "A custom installer to handle deploying WordPress with composer",
            "keywords": [
                "wordpress"
            ],
            "support": {
                "issues": "https://github.com/johnpbloch/wordpress-core-installer/issues",
                "source": "https://github.com/johnpbloch/wordpress-core-installer/tree/master"
            },
            "time": "2020-04-16T21:44:57+00:00"
        },
        {
            "name": "johnpbloch/wp-cli-phar",
            "version": "v2.7.1",
            "source": {
                "type": "git",
                "url": "https://github.com/johnpbloch/wp-cli-phar.git",
                "reference": "4ff78d5985e71979832027823745e2d3dec36fda"
            },
            "dist": {
                "type": "zip",
                "url": "https://api.github.com/repos/johnpbloch/wp-cli-phar/zipball/4ff78d5985e71979832027823745e2d3dec36fda",
                "reference": "4ff78d5985e71979832027823745e2d3dec36fda",
                "shasum": ""
            },
            "replace": {
                "wp-cli/wp-cli": "self.version"
            },
            "require-dev": {
                "czproject/git-php": "^3.9",
                "guzzlehttp/guzzle": "^6.3",
                "tightenco/collect": "^5.4"
            },
            "bin": [
                "wp"
            ],
            "type": "library",
            "notification-url": "https://packagist.org/downloads/",
            "license": [
                "MIT"
            ],
            "support": {
                "issues": "https://github.com/johnpbloch/wp-cli-phar/issues",
                "source": "https://github.com/johnpbloch/wp-cli-phar/tree/v2.7.1"
            },
            "time": "2022-10-21T19:14:52+00:00"
        },
        {
            "name": "php-instagram-api/php-instagram-api",
            "version": "dev-master",
            "source": {
                "type": "git",
                "url": "https://github.com/galen/PHP-Instagram-API.git",
                "reference": "7a796fdae715fcdccc00590933ce482437342c35"
            },
            "dist": {
                "type": "zip",
                "url": "https://api.github.com/repos/galen/PHP-Instagram-API/zipball/7a796fdae715fcdccc00590933ce482437342c35",
                "reference": "7a796fdae715fcdccc00590933ce482437342c35",
                "shasum": ""
            },
            "require": {
                "php": ">=5.3.0"
            },
            "default-branch": true,
            "type": "library",
            "autoload": {
                "psr-0": {
                    "Instagram": "."
                }
            },
            "notification-url": "https://packagist.org/downloads/",
            "license": [
                "MIT"
            ],
            "authors": [
                {
                    "name": "Galen Grover",
                    "email": "galenjr@gmail.com",
                    "homepage": "http://www.galengrover.com",
                    "role": "Developer"
                }
            ],
            "description": "PHP Instagram API for PHP 5.3+",
            "homepage": "https://github.com/galen/PHP-Instagram-API",
            "keywords": [
                "instagram"
            ],
            "support": {
                "issues": "https://github.com/galen/PHP-Instagram-API/issues",
                "source": "https://github.com/galen/PHP-Instagram-API/tree/master"
            },
            "time": "2013-11-13T23:10:03+00:00"
        },
        {
            "name": "scotteh/php-dom-wrapper",
            "version": "2.0.3",
            "source": {
                "type": "git",
                "url": "https://github.com/scotteh/php-dom-wrapper.git",
                "reference": "edf37231a9ee609ea947ffaa5ac342a372f18b29"
            },
            "dist": {
                "type": "zip",
                "url": "https://api.github.com/repos/scotteh/php-dom-wrapper/zipball/edf37231a9ee609ea947ffaa5ac342a372f18b29",
                "reference": "edf37231a9ee609ea947ffaa5ac342a372f18b29",
                "shasum": ""
            },
            "require": {
                "ext-libxml": "*",
                "ext-mbstring": "*",
                "lib-libxml": ">=2.7.7",
                "php": ">=7.1.0",
                "symfony/css-selector": "^4.0 || ^5.0 || ^6.0"
            },
            "require-dev": {
                "phpunit/phpunit": "^7.0 || ^8.0 || ^9.0"
            },
            "type": "library",
            "extra": {
                "branch-alias": {
                    "dev-master": "2.0-dev"
                }
            },
            "autoload": {
                "psr-4": {
                    "DOMWrap\\": "src/"
                }
            },
            "notification-url": "https://packagist.org/downloads/",
            "license": [
                "BSD-3-Clause"
            ],
            "authors": [
                {
                    "name": "Andrew Scott",
                    "email": "andrew@andrewscott.net.au"
                }
            ],
            "description": "Simple DOM wrapper to select nodes using either CSS or XPath expressions and manipulate results quickly and easily.",
            "homepage": "https://github.com/scotteh/php-dom-wrapper",
            "keywords": [
                "css",
                "dom",
                "html",
                "parser",
                "wrapper"
            ],
            "support": {
                "issues": "https://github.com/scotteh/php-dom-wrapper/issues",
                "source": "https://github.com/scotteh/php-dom-wrapper/tree/2.0.3"
            },
            "time": "2022-05-14T06:10:52+00:00"
        },
        {
            "name": "symfony/css-selector",
            "version": "v5.4.21",
            "source": {
                "type": "git",
                "url": "https://github.com/symfony/css-selector.git",
                "reference": "95f3c7468db1da8cc360b24fa2a26e7cefcb355d"
            },
            "dist": {
                "type": "zip",
                "url": "https://api.github.com/repos/symfony/css-selector/zipball/95f3c7468db1da8cc360b24fa2a26e7cefcb355d",
                "reference": "95f3c7468db1da8cc360b24fa2a26e7cefcb355d",
                "shasum": ""
            },
            "require": {
                "php": ">=7.2.5",
                "symfony/polyfill-php80": "^1.16"
            },
            "type": "library",
            "autoload": {
                "psr-4": {
                    "Symfony\\Component\\CssSelector\\": ""
                },
                "exclude-from-classmap": [
                    "/Tests/"
                ]
            },
            "notification-url": "https://packagist.org/downloads/",
            "license": [
                "MIT"
            ],
            "authors": [
                {
                    "name": "Fabien Potencier",
                    "email": "fabien@symfony.com"
                },
                {
                    "name": "Jean-François Simon",
                    "email": "jeanfrancois.simon@sensiolabs.com"
                },
                {
                    "name": "Symfony Community",
                    "homepage": "https://symfony.com/contributors"
                }
            ],
            "description": "Converts CSS selectors to XPath expressions",
            "homepage": "https://symfony.com",
            "support": {
                "source": "https://github.com/symfony/css-selector/tree/v5.4.21"
            },
            "funding": [
                {
                    "url": "https://symfony.com/sponsor",
                    "type": "custom"
                },
                {
                    "url": "https://github.com/fabpot",
                    "type": "github"
                },
                {
                    "url": "https://tidelift.com/funding/github/packagist/symfony/symfony",
                    "type": "tidelift"
                }
            ],
            "time": "2023-02-14T08:03:56+00:00"
        },
        {
            "name": "symfony/polyfill-php80",
            "version": "v1.27.0",
            "source": {
                "type": "git",
                "url": "https://github.com/symfony/polyfill-php80.git",
                "reference": "7a6ff3f1959bb01aefccb463a0f2cd3d3d2fd936"
            },
            "dist": {
                "type": "zip",
                "url": "https://api.github.com/repos/symfony/polyfill-php80/zipball/7a6ff3f1959bb01aefccb463a0f2cd3d3d2fd936",
                "reference": "7a6ff3f1959bb01aefccb463a0f2cd3d3d2fd936",
                "shasum": ""
            },
            "require": {
                "php": ">=7.1"
            },
            "type": "library",
            "extra": {
                "branch-alias": {
                    "dev-main": "1.27-dev"
                },
                "thanks": {
                    "name": "symfony/polyfill",
                    "url": "https://github.com/symfony/polyfill"
                }
            },
            "autoload": {
                "files": [
                    "bootstrap.php"
                ],
                "psr-4": {
                    "Symfony\\Polyfill\\Php80\\": ""
                },
                "classmap": [
                    "Resources/stubs"
                ]
            },
            "notification-url": "https://packagist.org/downloads/",
            "license": [
                "MIT"
            ],
            "authors": [
                {
                    "name": "Ion Bazan",
                    "email": "ion.bazan@gmail.com"
                },
                {
                    "name": "Nicolas Grekas",
                    "email": "p@tchwork.com"
                },
                {
                    "name": "Symfony Community",
                    "homepage": "https://symfony.com/contributors"
                }
            ],
            "description": "Symfony polyfill backporting some PHP 8.0+ features to lower PHP versions",
            "homepage": "https://symfony.com",
            "keywords": [
                "compatibility",
                "polyfill",
                "portable",
                "shim"
            ],
            "support": {
                "source": "https://github.com/symfony/polyfill-php80/tree/v1.27.0"
            },
            "funding": [
                {
                    "url": "https://symfony.com/sponsor",
                    "type": "custom"
                },
                {
                    "url": "https://github.com/fabpot",
                    "type": "github"
                },
                {
                    "url": "https://tidelift.com/funding/github/packagist/symfony/symfony",
                    "type": "tidelift"
                }
            ],
            "time": "2022-11-03T14:55:06+00:00"
        },
        {
            "name": "wpackagist-plugin/classic-editor",
            "version": "1.6.3",
            "source": {
                "type": "svn",
                "url": "https://plugins.svn.wordpress.org/classic-editor/",
                "reference": "tags/1.6.3"
            },
            "dist": {
                "type": "zip",
                "url": "https://downloads.wordpress.org/plugin/classic-editor.1.6.3.zip"
            },
            "require": {
                "composer/installers": "^1.0 || ^2.0"
            },
            "type": "wordpress-plugin",
            "homepage": "https://wordpress.org/plugins/classic-editor/"
        },
        {
            "name": "wpackagist-plugin/contact-form-7",
            "version": "5.7.6",
            "source": {
                "type": "svn",
                "url": "https://plugins.svn.wordpress.org/contact-form-7/",
                "reference": "tags/5.7.6"
            },
            "dist": {
                "type": "zip",
                "url": "https://downloads.wordpress.org/plugin/contact-form-7.5.7.6.zip"
            },
            "require": {
                "composer/installers": "^1.0 || ^2.0"
            },
            "type": "wordpress-plugin",
            "homepage": "https://wordpress.org/plugins/contact-form-7/"
        },
        {
            "name": "wpackagist-plugin/flamingo",
            "version": "2.4",
            "source": {
                "type": "svn",
                "url": "https://plugins.svn.wordpress.org/flamingo/",
                "reference": "tags/2.4"
            },
            "dist": {
                "type": "zip",
                "url": "https://downloads.wordpress.org/plugin/flamingo.2.4.zip"
            },
            "require": {
                "composer/installers": "^1.0 || ^2.0"
            },
            "type": "wordpress-plugin",
            "homepage": "https://wordpress.org/plugins/flamingo/"
        },
        {
            "name": "wpackagist-plugin/inazo-flamingo-automatically-delete-old-messages",
            "version": "1.0",
            "source": {
                "type": "svn",
                "url": "https://plugins.svn.wordpress.org/inazo-flamingo-automatically-delete-old-messages/",
                "reference": "tags/1.0"
            },
            "dist": {
                "type": "zip",
                "url": "https://downloads.wordpress.org/plugin/inazo-flamingo-automatically-delete-old-messages.1.0.zip"
            },
            "require": {
                "composer/installers": "^1.0 || ^2.0"
            },
            "type": "wordpress-plugin",
            "homepage": "https://wordpress.org/plugins/inazo-flamingo-automatically-delete-old-messages/"
        },
        {
            "name": "wpackagist-plugin/redirection",
            "version": "5.3.10",
            "source": {
                "type": "svn",
                "url": "https://plugins.svn.wordpress.org/redirection/",
                "reference": "tags/5.3.10"
            },
            "dist": {
                "type": "zip",
                "url": "https://downloads.wordpress.org/plugin/redirection.5.3.10.zip"
            },
            "require": {
                "composer/installers": "^1.0 || ^2.0"
            },
            "type": "wordpress-plugin",
            "homepage": "https://wordpress.org/plugins/redirection/"
        },
        {
            "name": "wpackagist-plugin/w3-total-cache",
            "version": "2.3.2",
            "source": {
                "type": "svn",
                "url": "https://plugins.svn.wordpress.org/w3-total-cache/",
                "reference": "tags/2.3.2"
            },
            "dist": {
                "type": "zip",
                "url": "https://downloads.wordpress.org/plugin/w3-total-cache.2.3.2.zip"
            },
            "require": {
                "composer/installers": "^1.0 || ^2.0"
            },
            "type": "wordpress-plugin",
            "homepage": "https://wordpress.org/plugins/w3-total-cache/"
        },
        {
            "name": "wpackagist-plugin/wordpress-seo",
            "version": "20.8",
            "source": {
                "type": "svn",
                "url": "https://plugins.svn.wordpress.org/wordpress-seo/",
                "reference": "tags/20.8"
            },
            "dist": {
                "type": "zip",
                "url": "https://downloads.wordpress.org/plugin/wordpress-seo.20.8.zip"
            },
            "require": {
                "composer/installers": "^1.0 || ^2.0"
            },
            "type": "wordpress-plugin",
            "homepage": "https://wordpress.org/plugins/wordpress-seo/"
        },
        {
            "name": "wpackagist-plugin/wp-page-duplicator",
            "version": "0.1.1",
            "source": {
                "type": "svn",
                "url": "https://plugins.svn.wordpress.org/wp-page-duplicator/",
                "reference": "trunk"
            },
            "dist": {
                "type": "zip",
                "url": "https://downloads.wordpress.org/plugin/wp-page-duplicator.zip?timestamp=1464755568"
            },
            "require": {
                "composer/installers": "^1.0 || ^2.0"
            },
            "type": "wordpress-plugin",
            "homepage": "https://wordpress.org/plugins/wp-page-duplicator/"
        },
        {
            "name": "wpackagist-plugin/wp-sitemap-page",
            "version": "1.9.2",
            "source": {
                "type": "svn",
                "url": "https://plugins.svn.wordpress.org/wp-sitemap-page/",
                "reference": "trunk"
            },
            "dist": {
                "type": "zip",
                "url": "https://downloads.wordpress.org/plugin/wp-sitemap-page.zip?timestamp=1667917333"
            },
            "require": {
                "composer/installers": "^1.0 || ^2.0"
            },
            "type": "wordpress-plugin",
            "homepage": "https://wordpress.org/plugins/wp-sitemap-page/"
        },
        {
            "name": "wpengine/advanced-custom-fields-pro",
            "version": "6.1.6",
            "dist": {
                "type": "zip",
                "url": "https://connect.advancedcustomfields.com/v2/plugins/composer_download?p=pro&t=6.1.6"
            },
            "require": {
                "composer/installers": "~1.0 || ~2.0"
            },
            "replace": {
                "wpackagist-plugin/advanced-custom-fields": "self.version"
            },
            "type": "wordpress-plugin"
        }
    ],
    "packages-dev": [],
    "aliases": [],
    "minimum-stability": "stable",
    "stability-flags": {
        "jerome-rdlv/allow-svg": 20,
        "jerome-rdlv/post-order": 20,
        "php-instagram-api/php-instagram-api": 20
    },
    "prefer-stable": false,
    "prefer-lowest": false,
    "platform": {
        "php": ">=8.0",
        "ext-dom": "*"
    },
    "platform-dev": [],
    "platform-overrides": {
        "php": "8.0"
    },
    "plugin-api-version": "2.3.0"
}
